
Microsoft Visual Studio Solution File, Format Version 12.00
# Visual Studio 14
VisualStudioVersion = 14.0.25420.1
MinimumVisualStudioVersion = 10.0.40219.1
Project("{FAE04EC0-301F-11D3-BF4B-00C04F79EFBC}") = "kursova", "kursova\kursova.csproj", "{D49C242A-C521-4544-AEBC-E76AF6F62748}"
EndProject
Project("{FAE04EC0-301F-11D3-BF4B-00C04F79EFBC}") = "Test_to_kursova", "Test_to_kursova\Test_to_kursova.csproj", "{0D40E2FB-48B8-4CEB-8743-F49518C25A74}"
EndProject
Project("{FAE04EC0-301F-11D3-BF4B-00C04F79EFBC}") = "TestConsoleInUnitTests", "TestConsoleInUnitTests\TestConsoleInUnitTests.csproj", "{4F0805F0-5777-4610-8EDF-14831BB68789}"
EndProject
Global
	GlobalSection(SolutionConfigurationPlatforms) = preSolution
		Debug|Any CPU = Debug|Any CPU
		Release|Any CPU = Release|Any CPU
	EndGlobalSection
	GlobalSection(ProjectConfigurationPlatforms) = postSolution
		{D49C242A-C521-4544-AEBC-E76AF6F62748}.Debug|Any CPU.ActiveCfg = Debug|Any CPU
		{D49C242A-C521-4544-AEBC-E76AF6F62748}.Debug|Any CPU.Build.0 = Debug|Any CPU
		{D49C242A-C521-4544-AEBC-E76AF6F62748}.Release|Any CPU.ActiveCfg = Release|Any CPU
		{D49C242A-C521-4544-AEBC-E76AF6F62748}.Release|Any CPU.Build.0 = Release|Any CPU
		{0D40E2FB-48B8-4CEB-8743-F49518C25A74}.Debug|Any CPU.ActiveCfg = Debug|Any CPU
		{0D40E2FB-48B8-4CEB-8743-F49518C25A74}.Debug|Any CPU.Build.0 = Debug|Any CPU
		{0D40E2FB-48B8-4CEB-8743-F49518C25A74}.Release|Any CPU.ActiveCfg = Release|Any CPU
		{0D40E2FB-48B8-4CEB-8743-F49518C25A74}.Release|Any CPU.Build.0 = Release|Any CPU
		{4F0805F0-5777-4610-8EDF-14831BB68789}.Debug|Any CPU.ActiveCfg = Debug|Any CPU
		{4F0805F0-5777-4610-8EDF-14831BB68789}.Debug|Any CPU.Build.0 = Debug|Any CPU
		{4F0805F0-5777-4610-8EDF-14831BB68789}.Release|Any CPU.ActiveCfg = Release|Any CPU
		{4F0805F0-5777-4610-8EDF-14831BB68789}.Release|Any CPU.Build.0 = Release|Any CPU
	EndGlobalSection
	GlobalSection(SolutionProperties) = preSolution
		HideSolutionNode = FALSE
	EndGlobalSection
EndGlobal
